
Microsoft Visual Studio Solution File, Format Version 12.00
# Visual Studio Version 17
VisualStudioVersion = 17.5.33502.453
MinimumVisualStudioVersion = 10.0.40219.1
Project("{FAE04EC0-301F-11D3-BF4B-00C04F79EFBC}") = "ShopApplication", "ShopApplication\ShopApplication.csproj", "{5473C70F-130C-4B8E-80FB-F0D05E23545C}"
EndProject
Global
	GlobalSection(SolutionConfigurationPlatforms) = preSolution
		Debug|Any CPU = Debug|Any CPU
		Release|Any CPU = Release|Any CPU
	EndGlobalSection
	GlobalSection(ProjectConfigurationPlatforms) = postSolution
		{5473C70F-130C-4B8E-80FB-F0D05E23545C}.Debug|Any CPU.ActiveCfg = Debug|Any CPU
		{5473C70F-130C-4B8E-80FB-F0D05E23545C}.Debug|Any CPU.Build.0 = Debug|Any CPU
		{5473C70F-130C-4B8E-80FB-F0D05E23545C}.Release|Any CPU.ActiveCfg = Debug|Any CPU
		{5473C70F-130C-4B8E-80FB-F0D05E23545C}.Release|Any CPU.Build.0 = Debug|Any CPU
	EndGlobalSection
	GlobalSection(SolutionProperties) = preSolution
		HideSolutionNode = FALSE
	EndGlobalSection
	GlobalSection(ExtensibilityGlobals) = postSolution
		SolutionGuid = {16A8DC91-D7D5-45FF-99B3-8650EF17975A}
	EndGlobalSection
EndGlobal
